
Microsoft Visual Studio Solution File, Format Version 12.00
# Visual Studio Version 17
VisualStudioVersion = 17.3.32901.215
MinimumVisualStudioVersion = 10.0.40219.1
Project("{9A19103F-16F7-4668-BE54-9A1E7A4F7556}") = "LinkedList1.cs", "LinkedListProject\LinkedList1.cs.csproj", "{4AACEAF0-06A1-4961-94AB-45340E53C20A}"
EndProject
Project("{9A19103F-16F7-4668-BE54-9A1E7A4F7556}") = "LinkedList2.cs", "LinkedList2.cs\LinkedList2.cs.csproj", "{8C36B63D-2873-4D7D-BDFE-43447301121E}"
EndProject
Project("{9A19103F-16F7-4668-BE54-9A1E7A4F7556}") = "LinkedList3.cs", "LinkedList3.cs\LinkedList3.cs.csproj", "{29F69F04-5B1D-4CAA-9B5B-70728582AE54}"
EndProject
Project("{FAE04EC0-301F-11D3-BF4B-00C04F79EFBC}") = "Linkedlist4.cs", "Linkedlist4.cs\Linkedlist4.cs.csproj", "{5AF8919E-5289-4817-8CD7-C2D35A9683C6}"
EndProject
Global
	GlobalSection(SolutionConfigurationPlatforms) = preSolution
		Debug|Any CPU = Debug|Any CPU
		Release|Any CPU = Release|Any CPU
	EndGlobalSection
	GlobalSection(ProjectConfigurationPlatforms) = postSolution
		{4AACEAF0-06A1-4961-94AB-45340E53C20A}.Debug|Any CPU.ActiveCfg = Debug|Any CPU
		{4AACEAF0-06A1-4961-94AB-45340E53C20A}.Debug|Any CPU.Build.0 = Debug|Any CPU
		{4AACEAF0-06A1-4961-94AB-45340E53C20A}.Release|Any CPU.ActiveCfg = Release|Any CPU
		{4AACEAF0-06A1-4961-94AB-45340E53C20A}.Release|Any CPU.Build.0 = Release|Any CPU
		{8C36B63D-2873-4D7D-BDFE-43447301121E}.Debug|Any CPU.ActiveCfg = Debug|Any CPU
		{8C36B63D-2873-4D7D-BDFE-43447301121E}.Debug|Any CPU.Build.0 = Debug|Any CPU
		{8C36B63D-2873-4D7D-BDFE-43447301121E}.Release|Any CPU.ActiveCfg = Release|Any CPU
		{8C36B63D-2873-4D7D-BDFE-43447301121E}.Release|Any CPU.Build.0 = Release|Any CPU
		{29F69F04-5B1D-4CAA-9B5B-70728582AE54}.Debug|Any CPU.ActiveCfg = Debug|Any CPU
		{29F69F04-5B1D-4CAA-9B5B-70728582AE54}.Debug|Any CPU.Build.0 = Debug|Any CPU
		{29F69F04-5B1D-4CAA-9B5B-70728582AE54}.Release|Any CPU.ActiveCfg = Release|Any CPU
		{29F69F04-5B1D-4CAA-9B5B-70728582AE54}.Release|Any CPU.Build.0 = Release|Any CPU
		{5AF8919E-5289-4817-8CD7-C2D35A9683C6}.Debug|Any CPU.ActiveCfg = Debug|Any CPU
		{5AF8919E-5289-4817-8CD7-C2D35A9683C6}.Debug|Any CPU.Build.0 = Debug|Any CPU
		{5AF8919E-5289-4817-8CD7-C2D35A9683C6}.Release|Any CPU.ActiveCfg = Release|Any CPU
		{5AF8919E-5289-4817-8CD7-C2D35A9683C6}.Release|Any CPU.Build.0 = Release|Any CPU
	EndGlobalSection
	GlobalSection(SolutionProperties) = preSolution
		HideSolutionNode = FALSE
	EndGlobalSection
	GlobalSection(ExtensibilityGlobals) = postSolution
		SolutionGuid = {A48B43F5-78B4-4FC9-800F-8ACB24C32294}
	EndGlobalSection
EndGlobal
